<?xml version="1.0" encoding="utf-8"?>
<Project ToolsVersion="4.0" xmlns="http://schemas.microsoft.com/developer/msbuild/2003">
  <ItemGroup>
    <Filter Include="Source Files">
      <UniqueIdentifier>{4FC737F1-C7A5-4376-A066-2A32D752A2FF}</UniqueIdentifier>
      <Extensions>cpp;c;cc;cxx;def;odl;idl;hpj;bat;asm;asmx</Extensions>
    </Filter>
    <Filter Include="Header Files">
      <UniqueIdentifier>{93995380-89BD-4b04-88EB-625FBE52EBFB}</UniqueIdentifier>
      <Extensions>h;hpp;hxx;hm;inl;inc;xsd</Extensions>
    </Filter>
    <Filter Include="Resource Files">
      <UniqueIdentifier>{67DA6AB6-F800-4c08-8B7A-83BB121AAD01}</UniqueIdentifier>
      <Extensions>rc;ico;cur;bmp;dlg;rc2;rct;bin;rgs;gif;jpg;jpeg;jpe;resx;tiff;tif;png;wav;mfcribbon-ms</Extensions>
    </Filter>
  </ItemGroup>
  <ItemGroup>
    <None Include="triangle.png">
      <Filter>Resource Files</Filter>
    </None>
    <None Include="..\Mind-Map-Icon.ico">
      <Filter>Resource Files</Filter>
    </None>
  </ItemGroup>
  <ItemGroup>
    <ClInclude Include="stdafx.h">
      <Filter>Header Files</Filter>
    </ClInclude>
    <ClInclude Include="targetver.h">
      <Filter>Header Files</Filter>
    </ClInclude>
    <ClInclude Include="Resource.h">
      <Filter>Header Files</Filter>
    </ClInclude>
    <ClInclude Include="Timer.h">
      <Filter>Header Files</Filter>
    </ClInclude>
    <ClInclude Include="WordSet.h">
      <Filter>Header Files</Filter>
    </ClInclude>
    <ClInclude Include="DroppingWord.h">
      <Filter>Header Files</Filter>
    </ClInclude>
    <ClInclude Include="Util.h">
      <Filter>Header Files</Filter>
    </ClInclude>
    <ClInclude Include="Module.h">
      <Filter>Header Files</Filter>
    </ClInclude>
    <ClInclude Include="Main.h">
      <Filter>Header Files</Filter>
    </ClInclude>
    <ClInclude Include="ExperimentMain.h">
      <Filter>Header Files</Filter>
    </ClInclude>
    <ClInclude Include="GameModule.h">
      <Filter>Header Files</Filter>
    </ClInclude>
    <ClInclude Include="PrimingModule.h">
      <Filter>Header Files</Filter>
    </ClInclude>
    <ClInclude Include="QModule.h">
      <Filter>Header Files</Filter>
    </ClInclude>
    <ClInclude Include="AAQModule.h">
      <Filter>Header Files</Filter>
    </ClInclude>
    <ClInclude Include="BASModule.h">
      <Filter>Header Files</Filter>
    </ClInclude>
    <ClInclude Include="GRFModule.h">
      <Filter>Header Files</Filter>
    </ClInclude>
    <ClInclude Include="EAMModule.h">
      <Filter>Header Files</Filter>
    </ClInclude>
    <ClInclude Include="ConsentModule.h">
      <Filter>Header Files</Filter>
    </ClInclude>
    <ClInclude Include="DemographicModule.h">
      <Filter>Header Files</Filter>
    </ClInclude>
    <ClInclude Include="DebriefingModule.h">
      <Filter>Header Files</Filter>
    </ClInclude>
    <ClInclude Include="Qubit.h">
      <Filter>Header Files</Filter>
    </ClInclude>
    <ClInclude Include="DisplayUntilKeypressQubit.h">
      <Filter>Header Files</Filter>
    </ClInclude>
    <ClInclude Include="DisplayForFramesQubit.h">
      <Filter>Header Files</Filter>
    </ClInclude>
    <ClInclude Include="DisplayForFramesInputColorChangeQubit.h">
      <Filter>Header Files</Filter>
    </ClInclude>
    <ClInclude Include="InputFeedbackQubit.h">
      <Filter>Header Files</Filter>
    </ClInclude>
    <ClInclude Include="GameWord.h">
      <Filter>Header Files</Filter>
    </ClInclude>
    <ClInclude Include="StateManager.h">
      <Filter>Header Files</Filter>
    </ClInclude>
    <ClInclude Include="State.h">
      <Filter>Header Files</Filter>
    </ClInclude>
    <ClInclude Include="UploadModule.h">
      <Filter>Header Files</Filter>
    </ClInclude>
    <ClInclude Include="DisplayUntilFinishedQubit.h">
      <Filter>Header Files</Filter>
    </ClInclude>
    <ClInclude Include="ExecuteCodeModule.h">
      <Filter>Header Files</Filter>
    </ClInclude>
    <ClInclude Include="Graphics.h">
      <Filter>Header Files</Filter>
    </ClInclude>
    <ClInclude Include="Font.h">
      <Filter>Header Files</Filter>
    </ClInclude>
    <ClInclude Include="Color.h">
      <Filter>Header Files</Filter>
    </ClInclude>
    <ClInclude Include="SimData.h">
      <Filter>Header Files</Filter>
    </ClInclude>
  </ItemGroup>
  <ItemGroup>
    <ClCompile Include="stdafx.cpp">
      <Filter>Source Files</Filter>
    </ClCompile>
    <ClCompile Include="WordSet.cpp">
      <Filter>Source Files</Filter>
    </ClCompile>
    <ClCompile Include="DroppingWord.cpp">
      <Filter>Source Files</Filter>
    </ClCompile>
    <ClCompile Include="Timer.cpp">
      <Filter>Source Files</Filter>
    </ClCompile>
    <ClCompile Include="Util.cpp">
      <Filter>Source Files</Filter>
    </ClCompile>
    <ClCompile Include="Module.cpp">
      <Filter>Source Files</Filter>
    </ClCompile>
    <ClCompile Include="Main.cpp">
      <Filter>Source Files</Filter>
    </ClCompile>
    <ClCompile Include="ExperimentMain.cpp">
      <Filter>Source Files</Filter>
    </ClCompile>
    <ClCompile Include="GameModule.cpp">
      <Filter>Source Files</Filter>
    </ClCompile>
    <ClCompile Include="PrimingModule.cpp">
      <Filter>Source Files</Filter>
    </ClCompile>
    <ClCompile Include="QModule.cpp">
      <Filter>Source Files</Filter>
    </ClCompile>
    <ClCompile Include="AAQModule.cpp">
      <Filter>Source Files</Filter>
    </ClCompile>
    <ClCompile Include="BASModule.cpp">
      <Filter>Source Files</Filter>
    </ClCompile>
    <ClCompile Include="GRFModule.cpp">
      <Filter>Source Files</Filter>
    </ClCompile>
    <ClCompile Include="EAMModule.cpp">
      <Filter>Source Files</Filter>
    </ClCompile>
    <ClCompile Include="ConsentModule.cpp">
      <Filter>Source Files</Filter>
    </ClCompile>
    <ClCompile Include="DemographicModule.cpp">
      <Filter>Source Files</Filter>
    </ClCompile>
    <ClCompile Include="DebriefingModule.cpp">
      <Filter>Source Files</Filter>
    </ClCompile>
    <ClCompile Include="Qubit.cpp">
      <Filter>Source Files</Filter>
    </ClCompile>
    <ClCompile Include="DisplayUntilKeypressQubit.cpp">
      <Filter>Source Files</Filter>
    </ClCompile>
    <ClCompile Include="DisplayForFramesQubit.cpp">
      <Filter>Source Files</Filter>
    </ClCompile>
    <ClCompile Include="DisplayForFramesInputColorChangeQubit.cpp">
      <Filter>Source Files</Filter>
    </ClCompile>
    <ClCompile Include="InputFeedbackQubit.cpp">
      <Filter>Source Files</Filter>
    </ClCompile>
    <ClCompile Include="GameWord.cpp">
      <Filter>Source Files</Filter>
    </ClCompile>
    <ClCompile Include="StateManager.cpp">
      <Filter>Source Files</Filter>
    </ClCompile>
    <ClCompile Include="State.cpp">
      <Filter>Source Files</Filter>
    </ClCompile>
    <ClCompile Include="UploadModule.cpp">
      <Filter>Source Files</Filter>
    </ClCompile>
    <ClCompile Include="DisplayUntilFinishedQubit.cpp">
      <Filter>Source Files</Filter>
    </ClCompile>
    <ClCompile Include="ExecuteCodeModule.cpp">
      <Filter>Source Files</Filter>
    </ClCompile>
    <ClCompile Include="Graphics.cpp">
      <Filter>Source Files</Filter>
    </ClCompile>
    <ClCompile Include="Font.cpp">
      <Filter>Source Files</Filter>
    </ClCompile>
    <ClCompile Include="Color.cpp">
      <Filter>Source Files</Filter>
    </ClCompile>
    <ClCompile Include="SimData.cpp">
      <Filter>Source Files</Filter>
    </ClCompile>
  </ItemGroup>
  <ItemGroup>
    <ResourceCompile Include="DissertationExperiment.rc">
      <Filter>Resource Files</Filter>
    </ResourceCompile>
  </ItemGroup>
</Project>